
Microsoft Visual Studio Solution File, Format Version 11.00
# Visual Studio 2010
Project("{FAE04EC0-301F-11D3-BF4B-00C04F79EFBC}") = "NuzzGraph.Api", "NuzzGraph.Api\NuzzGraph.Api.csproj", "{7C9C70CA-A2E7-42AB-95D8-1F03E68042DE}"
EndProject
Project("{FAE04EC0-301F-11D3-BF4B-00C04F79EFBC}") = "NuzzGraph.Entities", "NuzzGraph.Entities\NuzzGraph.Entities.csproj", "{4A87DFA5-C8CA-4A73-8808-E079E286E824}"
EndProject
Global
	GlobalSection(SolutionConfigurationPlatforms) = preSolution
		Debug|Any CPU = Debug|Any CPU
		Release|Any CPU = Release|Any CPU
	EndGlobalSection
	GlobalSection(ProjectConfigurationPlatforms) = postSolution
		{7C9C70CA-A2E7-42AB-95D8-1F03E68042DE}.Debug|Any CPU.ActiveCfg = Debug|Any CPU
		{7C9C70CA-A2E7-42AB-95D8-1F03E68042DE}.Debug|Any CPU.Build.0 = Debug|Any CPU
		{7C9C70CA-A2E7-42AB-95D8-1F03E68042DE}.Release|Any CPU.ActiveCfg = Release|Any CPU
		{7C9C70CA-A2E7-42AB-95D8-1F03E68042DE}.Release|Any CPU.Build.0 = Release|Any CPU
		{4A87DFA5-C8CA-4A73-8808-E079E286E824}.Debug|Any CPU.ActiveCfg = Debug|Any CPU
		{4A87DFA5-C8CA-4A73-8808-E079E286E824}.Debug|Any CPU.Build.0 = Debug|Any CPU
		{4A87DFA5-C8CA-4A73-8808-E079E286E824}.Release|Any CPU.ActiveCfg = Release|Any CPU
		{4A87DFA5-C8CA-4A73-8808-E079E286E824}.Release|Any CPU.Build.0 = Release|Any CPU
	EndGlobalSection
	GlobalSection(SolutionProperties) = preSolution
		HideSolutionNode = FALSE
	EndGlobalSection
EndGlobal
