
Microsoft Visual Studio Solution File, Format Version 11.00
# Visual Studio 2010
Project("{FAE04EC0-301F-11D3-BF4B-00C04F79EFBC}") = "NuzzGraph.Api", "NuzzGraph.Api\NuzzGraph.Api.csproj", "{7C9C70CA-A2E7-42AB-95D8-1F03E68042DE}"
EndProject
Project("{FAE04EC0-301F-11D3-BF4B-00C04F79EFBC}") = "NuzzGraph.Entities", "NuzzGraph.Entities\NuzzGraph.Entities.csproj", "{4A87DFA5-C8CA-4A73-8808-E079E286E824}"
EndProject
Project("{FAE04EC0-301F-11D3-BF4B-00C04F79EFBC}") = "NuzzGraph.Api.Test", "NuzzGraph.Api.Test\NuzzGraph.Api.Test.csproj", "{0C009CA4-F772-4E41-B712-E1C39F646EF2}"
EndProject
Project("{FAE04EC0-301F-11D3-BF4B-00C04F79EFBC}") = "NuzzGraph.Seed", "NuzzGraph.Seed\NuzzGraph.Seed.csproj", "{6F8D7317-DD8D-4F4A-99D5-230D9B88B01C}"
EndProject
Project("{FAE04EC0-301F-11D3-BF4B-00C04F79EFBC}") = "BrightstarDB", "..\BrightstarDB\src\core\BrightstarDB\BrightstarDB.csproj", "{121A81F3-EB1C-4228-81FB-0D7505A438FB}"
EndProject
Global
	GlobalSection(SolutionConfigurationPlatforms) = preSolution
		CloudDebug|Any CPU = CloudDebug|Any CPU
		CloudDebug|Mixed Platforms = CloudDebug|Mixed Platforms
		CloudDebug|x86 = CloudDebug|x86
		Debug|Any CPU = Debug|Any CPU
		Debug|Mixed Platforms = Debug|Mixed Platforms
		Debug|x86 = Debug|x86
		Release|Any CPU = Release|Any CPU
		Release|Mixed Platforms = Release|Mixed Platforms
		Release|x86 = Release|x86
		Staging|Any CPU = Staging|Any CPU
		Staging|Mixed Platforms = Staging|Mixed Platforms
		Staging|x86 = Staging|x86
	EndGlobalSection
	GlobalSection(ProjectConfigurationPlatforms) = postSolution
		{7C9C70CA-A2E7-42AB-95D8-1F03E68042DE}.CloudDebug|Any CPU.ActiveCfg = Debug|Any CPU
		{7C9C70CA-A2E7-42AB-95D8-1F03E68042DE}.CloudDebug|Any CPU.Build.0 = Debug|Any CPU
		{7C9C70CA-A2E7-42AB-95D8-1F03E68042DE}.CloudDebug|Mixed Platforms.ActiveCfg = Debug|Any CPU
		{7C9C70CA-A2E7-42AB-95D8-1F03E68042DE}.CloudDebug|Mixed Platforms.Build.0 = Debug|Any CPU
		{7C9C70CA-A2E7-42AB-95D8-1F03E68042DE}.CloudDebug|x86.ActiveCfg = Debug|Any CPU
		{7C9C70CA-A2E7-42AB-95D8-1F03E68042DE}.Debug|Any CPU.ActiveCfg = Debug|Any CPU
		{7C9C70CA-A2E7-42AB-95D8-1F03E68042DE}.Debug|Any CPU.Build.0 = Debug|Any CPU
		{7C9C70CA-A2E7-42AB-95D8-1F03E68042DE}.Debug|Mixed Platforms.ActiveCfg = Debug|Any CPU
		{7C9C70CA-A2E7-42AB-95D8-1F03E68042DE}.Debug|Mixed Platforms.Build.0 = Debug|Any CPU
		{7C9C70CA-A2E7-42AB-95D8-1F03E68042DE}.Debug|x86.ActiveCfg = Debug|Any CPU
		{7C9C70CA-A2E7-42AB-95D8-1F03E68042DE}.Release|Any CPU.ActiveCfg = Release|Any CPU
		{7C9C70CA-A2E7-42AB-95D8-1F03E68042DE}.Release|Any CPU.Build.0 = Release|Any CPU
		{7C9C70CA-A2E7-42AB-95D8-1F03E68042DE}.Release|Mixed Platforms.ActiveCfg = Release|Any CPU
		{7C9C70CA-A2E7-42AB-95D8-1F03E68042DE}.Release|Mixed Platforms.Build.0 = Release|Any CPU
		{7C9C70CA-A2E7-42AB-95D8-1F03E68042DE}.Release|x86.ActiveCfg = Release|Any CPU
		{7C9C70CA-A2E7-42AB-95D8-1F03E68042DE}.Staging|Any CPU.ActiveCfg = Release|Any CPU
		{7C9C70CA-A2E7-42AB-95D8-1F03E68042DE}.Staging|Any CPU.Build.0 = Release|Any CPU
		{7C9C70CA-A2E7-42AB-95D8-1F03E68042DE}.Staging|Mixed Platforms.ActiveCfg = Release|Any CPU
		{7C9C70CA-A2E7-42AB-95D8-1F03E68042DE}.Staging|Mixed Platforms.Build.0 = Release|Any CPU
		{7C9C70CA-A2E7-42AB-95D8-1F03E68042DE}.Staging|x86.ActiveCfg = Release|Any CPU
		{4A87DFA5-C8CA-4A73-8808-E079E286E824}.CloudDebug|Any CPU.ActiveCfg = Debug|Any CPU
		{4A87DFA5-C8CA-4A73-8808-E079E286E824}.CloudDebug|Any CPU.Build.0 = Debug|Any CPU
		{4A87DFA5-C8CA-4A73-8808-E079E286E824}.CloudDebug|Mixed Platforms.ActiveCfg = Debug|Any CPU
		{4A87DFA5-C8CA-4A73-8808-E079E286E824}.CloudDebug|Mixed Platforms.Build.0 = Debug|Any CPU
		{4A87DFA5-C8CA-4A73-8808-E079E286E824}.CloudDebug|x86.ActiveCfg = Debug|Any CPU
		{4A87DFA5-C8CA-4A73-8808-E079E286E824}.Debug|Any CPU.ActiveCfg = Debug|Any CPU
		{4A87DFA5-C8CA-4A73-8808-E079E286E824}.Debug|Any CPU.Build.0 = Debug|Any CPU
		{4A87DFA5-C8CA-4A73-8808-E079E286E824}.Debug|Mixed Platforms.ActiveCfg = Debug|Any CPU
		{4A87DFA5-C8CA-4A73-8808-E079E286E824}.Debug|Mixed Platforms.Build.0 = Debug|Any CPU
		{4A87DFA5-C8CA-4A73-8808-E079E286E824}.Debug|x86.ActiveCfg = Debug|Any CPU
		{4A87DFA5-C8CA-4A73-8808-E079E286E824}.Release|Any CPU.ActiveCfg = Release|Any CPU
		{4A87DFA5-C8CA-4A73-8808-E079E286E824}.Release|Any CPU.Build.0 = Release|Any CPU
		{4A87DFA5-C8CA-4A73-8808-E079E286E824}.Release|Mixed Platforms.ActiveCfg = Release|Any CPU
		{4A87DFA5-C8CA-4A73-8808-E079E286E824}.Release|Mixed Platforms.Build.0 = Release|Any CPU
		{4A87DFA5-C8CA-4A73-8808-E079E286E824}.Release|x86.ActiveCfg = Release|Any CPU
		{4A87DFA5-C8CA-4A73-8808-E079E286E824}.Staging|Any CPU.ActiveCfg = Release|Any CPU
		{4A87DFA5-C8CA-4A73-8808-E079E286E824}.Staging|Any CPU.Build.0 = Release|Any CPU
		{4A87DFA5-C8CA-4A73-8808-E079E286E824}.Staging|Mixed Platforms.ActiveCfg = Release|Any CPU
		{4A87DFA5-C8CA-4A73-8808-E079E286E824}.Staging|Mixed Platforms.Build.0 = Release|Any CPU
		{4A87DFA5-C8CA-4A73-8808-E079E286E824}.Staging|x86.ActiveCfg = Release|Any CPU
		{0C009CA4-F772-4E41-B712-E1C39F646EF2}.CloudDebug|Any CPU.ActiveCfg = Debug|x86
		{0C009CA4-F772-4E41-B712-E1C39F646EF2}.CloudDebug|Mixed Platforms.ActiveCfg = Debug|x86
		{0C009CA4-F772-4E41-B712-E1C39F646EF2}.CloudDebug|Mixed Platforms.Build.0 = Debug|x86
		{0C009CA4-F772-4E41-B712-E1C39F646EF2}.CloudDebug|x86.ActiveCfg = Debug|x86
		{0C009CA4-F772-4E41-B712-E1C39F646EF2}.CloudDebug|x86.Build.0 = Debug|x86
		{0C009CA4-F772-4E41-B712-E1C39F646EF2}.Debug|Any CPU.ActiveCfg = Debug|x86
		{0C009CA4-F772-4E41-B712-E1C39F646EF2}.Debug|Mixed Platforms.ActiveCfg = Debug|x86
		{0C009CA4-F772-4E41-B712-E1C39F646EF2}.Debug|Mixed Platforms.Build.0 = Debug|x86
		{0C009CA4-F772-4E41-B712-E1C39F646EF2}.Debug|x86.ActiveCfg = Debug|x86
		{0C009CA4-F772-4E41-B712-E1C39F646EF2}.Debug|x86.Build.0 = Debug|x86
		{0C009CA4-F772-4E41-B712-E1C39F646EF2}.Release|Any CPU.ActiveCfg = Release|x86
		{0C009CA4-F772-4E41-B712-E1C39F646EF2}.Release|Mixed Platforms.ActiveCfg = Release|x86
		{0C009CA4-F772-4E41-B712-E1C39F646EF2}.Release|Mixed Platforms.Build.0 = Release|x86
		{0C009CA4-F772-4E41-B712-E1C39F646EF2}.Release|x86.ActiveCfg = Release|x86
		{0C009CA4-F772-4E41-B712-E1C39F646EF2}.Release|x86.Build.0 = Release|x86
		{0C009CA4-F772-4E41-B712-E1C39F646EF2}.Staging|Any CPU.ActiveCfg = Release|x86
		{0C009CA4-F772-4E41-B712-E1C39F646EF2}.Staging|Mixed Platforms.ActiveCfg = Release|x86
		{0C009CA4-F772-4E41-B712-E1C39F646EF2}.Staging|Mixed Platforms.Build.0 = Release|x86
		{0C009CA4-F772-4E41-B712-E1C39F646EF2}.Staging|x86.ActiveCfg = Release|x86
		{0C009CA4-F772-4E41-B712-E1C39F646EF2}.Staging|x86.Build.0 = Release|x86
		{6F8D7317-DD8D-4F4A-99D5-230D9B88B01C}.CloudDebug|Any CPU.ActiveCfg = Debug|x86
		{6F8D7317-DD8D-4F4A-99D5-230D9B88B01C}.CloudDebug|Mixed Platforms.ActiveCfg = Debug|x86
		{6F8D7317-DD8D-4F4A-99D5-230D9B88B01C}.CloudDebug|Mixed Platforms.Build.0 = Debug|x86
		{6F8D7317-DD8D-4F4A-99D5-230D9B88B01C}.CloudDebug|x86.ActiveCfg = Debug|x86
		{6F8D7317-DD8D-4F4A-99D5-230D9B88B01C}.CloudDebug|x86.Build.0 = Debug|x86
		{6F8D7317-DD8D-4F4A-99D5-230D9B88B01C}.Debug|Any CPU.ActiveCfg = Debug|x86
		{6F8D7317-DD8D-4F4A-99D5-230D9B88B01C}.Debug|Mixed Platforms.ActiveCfg = Debug|x86
		{6F8D7317-DD8D-4F4A-99D5-230D9B88B01C}.Debug|Mixed Platforms.Build.0 = Debug|x86
		{6F8D7317-DD8D-4F4A-99D5-230D9B88B01C}.Debug|x86.ActiveCfg = Debug|x86
		{6F8D7317-DD8D-4F4A-99D5-230D9B88B01C}.Debug|x86.Build.0 = Debug|x86
		{6F8D7317-DD8D-4F4A-99D5-230D9B88B01C}.Release|Any CPU.ActiveCfg = Release|x86
		{6F8D7317-DD8D-4F4A-99D5-230D9B88B01C}.Release|Mixed Platforms.ActiveCfg = Release|x86
		{6F8D7317-DD8D-4F4A-99D5-230D9B88B01C}.Release|Mixed Platforms.Build.0 = Release|x86
		{6F8D7317-DD8D-4F4A-99D5-230D9B88B01C}.Release|x86.ActiveCfg = Release|x86
		{6F8D7317-DD8D-4F4A-99D5-230D9B88B01C}.Release|x86.Build.0 = Release|x86
		{6F8D7317-DD8D-4F4A-99D5-230D9B88B01C}.Staging|Any CPU.ActiveCfg = Release|x86
		{6F8D7317-DD8D-4F4A-99D5-230D9B88B01C}.Staging|Mixed Platforms.ActiveCfg = Release|x86
		{6F8D7317-DD8D-4F4A-99D5-230D9B88B01C}.Staging|Mixed Platforms.Build.0 = Release|x86
		{6F8D7317-DD8D-4F4A-99D5-230D9B88B01C}.Staging|x86.ActiveCfg = Release|x86
		{6F8D7317-DD8D-4F4A-99D5-230D9B88B01C}.Staging|x86.Build.0 = Release|x86
		{121A81F3-EB1C-4228-81FB-0D7505A438FB}.CloudDebug|Any CPU.ActiveCfg = CloudDebug|Any CPU
		{121A81F3-EB1C-4228-81FB-0D7505A438FB}.CloudDebug|Any CPU.Build.0 = CloudDebug|Any CPU
		{121A81F3-EB1C-4228-81FB-0D7505A438FB}.CloudDebug|Mixed Platforms.ActiveCfg = CloudDebug|Any CPU
		{121A81F3-EB1C-4228-81FB-0D7505A438FB}.CloudDebug|Mixed Platforms.Build.0 = CloudDebug|Any CPU
		{121A81F3-EB1C-4228-81FB-0D7505A438FB}.CloudDebug|x86.ActiveCfg = CloudDebug|Any CPU
		{121A81F3-EB1C-4228-81FB-0D7505A438FB}.Debug|Any CPU.ActiveCfg = Debug|Any CPU
		{121A81F3-EB1C-4228-81FB-0D7505A438FB}.Debug|Any CPU.Build.0 = Debug|Any CPU
		{121A81F3-EB1C-4228-81FB-0D7505A438FB}.Debug|Mixed Platforms.ActiveCfg = Debug|Any CPU
		{121A81F3-EB1C-4228-81FB-0D7505A438FB}.Debug|Mixed Platforms.Build.0 = Debug|Any CPU
		{121A81F3-EB1C-4228-81FB-0D7505A438FB}.Debug|x86.ActiveCfg = Debug|Any CPU
		{121A81F3-EB1C-4228-81FB-0D7505A438FB}.Release|Any CPU.ActiveCfg = Release|Any CPU
		{121A81F3-EB1C-4228-81FB-0D7505A438FB}.Release|Any CPU.Build.0 = Release|Any CPU
		{121A81F3-EB1C-4228-81FB-0D7505A438FB}.Release|Mixed Platforms.ActiveCfg = Release|Any CPU
		{121A81F3-EB1C-4228-81FB-0D7505A438FB}.Release|Mixed Platforms.Build.0 = Release|Any CPU
		{121A81F3-EB1C-4228-81FB-0D7505A438FB}.Release|x86.ActiveCfg = Release|Any CPU
		{121A81F3-EB1C-4228-81FB-0D7505A438FB}.Staging|Any CPU.ActiveCfg = Staging|Any CPU
		{121A81F3-EB1C-4228-81FB-0D7505A438FB}.Staging|Any CPU.Build.0 = Staging|Any CPU
		{121A81F3-EB1C-4228-81FB-0D7505A438FB}.Staging|Mixed Platforms.ActiveCfg = Staging|Any CPU
		{121A81F3-EB1C-4228-81FB-0D7505A438FB}.Staging|Mixed Platforms.Build.0 = Staging|Any CPU
		{121A81F3-EB1C-4228-81FB-0D7505A438FB}.Staging|x86.ActiveCfg = Staging|Any CPU
	EndGlobalSection
	GlobalSection(SolutionProperties) = preSolution
		HideSolutionNode = FALSE
	EndGlobalSection
EndGlobal
