
Microsoft Visual Studio Solution File, Format Version 12.00
# Visual Studio 2013
VisualStudioVersion = 12.0.21005.1
MinimumVisualStudioVersion = 10.0.40219.1
Project("{FAE04EC0-301F-11D3-BF4B-00C04F79EFBC}") = "NuzzGraph.Api", "NuzzGraph.Api\NuzzGraph.Api.csproj", "{7C9C70CA-A2E7-42AB-95D8-1F03E68042DE}"
EndProject
Project("{FAE04EC0-301F-11D3-BF4B-00C04F79EFBC}") = "NuzzGraph.Entities", "NuzzGraph.Entities\NuzzGraph.Entities.csproj", "{4A87DFA5-C8CA-4A73-8808-E079E286E824}"
EndProject
Project("{FAE04EC0-301F-11D3-BF4B-00C04F79EFBC}") = "NuzzGraph.Api.Test", "NuzzGraph.Api.Test\NuzzGraph.Api.Test.csproj", "{0C009CA4-F772-4E41-B712-E1C39F646EF2}"
EndProject
Project("{FAE04EC0-301F-11D3-BF4B-00C04F79EFBC}") = "NuzzGraph.Seed", "NuzzGraph.Seed\NuzzGraph.Seed.csproj", "{6F8D7317-DD8D-4F4A-99D5-230D9B88B01C}"
EndProject
Project("{FAE04EC0-301F-11D3-BF4B-00C04F79EFBC}") = "BrightstarDB", "..\BrightstarDB\src\core\BrightstarDB\BrightstarDB.csproj", "{121A81F3-EB1C-4228-81FB-0D7505A438FB}"
EndProject
Project("{FAE04EC0-301F-11D3-BF4B-00C04F79EFBC}") = "NuzzGraph.Viewer", "NuzzGraph.Viewer\NuzzGraph.Viewer.csproj", "{01A8988C-84CA-47D4-B483-4F13AFF15526}"
EndProject
Project("{FAE04EC0-301F-11D3-BF4B-00C04F79EFBC}") = "NuzzGraph.Core", "NuzzGraph.Core\NuzzGraph.Core.csproj", "{5CFB8EFC-AF9E-4D13-B5D8-C6E31CBC2769}"
EndProject
Project("{FAE04EC0-301F-11D3-BF4B-00C04F79EFBC}") = "Elysium.Test.NETFX4", "Elysium.Test\Elysium.Test.NETFX4.csproj", "{0B85401E-33FA-41EE-9627-8C17DA21505C}"
EndProject
Project("{FAE04EC0-301F-11D3-BF4B-00C04F79EFBC}") = "WPFExtensions", "WPFExtensions\WPFExtensions.csproj", "{A7915102-8326-4862-96F0-4EB80ED087B4}"
EndProject
Global
	GlobalSection(SolutionConfigurationPlatforms) = preSolution
		CloudDebug|Any CPU = CloudDebug|Any CPU
		CloudDebug|Mixed Platforms = CloudDebug|Mixed Platforms
		CloudDebug|x64 = CloudDebug|x64
		CloudDebug|x86 = CloudDebug|x86
		Debug|Any CPU = Debug|Any CPU
		Debug|Mixed Platforms = Debug|Mixed Platforms
		Debug|x64 = Debug|x64
		Debug|x86 = Debug|x86
		Release|Any CPU = Release|Any CPU
		Release|Mixed Platforms = Release|Mixed Platforms
		Release|x64 = Release|x64
		Release|x86 = Release|x86
		Staging|Any CPU = Staging|Any CPU
		Staging|Mixed Platforms = Staging|Mixed Platforms
		Staging|x64 = Staging|x64
		Staging|x86 = Staging|x86
	EndGlobalSection
	GlobalSection(ProjectConfigurationPlatforms) = postSolution
		{7C9C70CA-A2E7-42AB-95D8-1F03E68042DE}.CloudDebug|Any CPU.ActiveCfg = Debug|Any CPU
		{7C9C70CA-A2E7-42AB-95D8-1F03E68042DE}.CloudDebug|Any CPU.Build.0 = Debug|Any CPU
		{7C9C70CA-A2E7-42AB-95D8-1F03E68042DE}.CloudDebug|Mixed Platforms.ActiveCfg = Debug|Any CPU
		{7C9C70CA-A2E7-42AB-95D8-1F03E68042DE}.CloudDebug|Mixed Platforms.Build.0 = Debug|Any CPU
		{7C9C70CA-A2E7-42AB-95D8-1F03E68042DE}.CloudDebug|x64.ActiveCfg = Debug|Any CPU
		{7C9C70CA-A2E7-42AB-95D8-1F03E68042DE}.CloudDebug|x86.ActiveCfg = Debug|Any CPU
		{7C9C70CA-A2E7-42AB-95D8-1F03E68042DE}.Debug|Any CPU.ActiveCfg = Debug|Any CPU
		{7C9C70CA-A2E7-42AB-95D8-1F03E68042DE}.Debug|Any CPU.Build.0 = Debug|Any CPU
		{7C9C70CA-A2E7-42AB-95D8-1F03E68042DE}.Debug|Mixed Platforms.ActiveCfg = Debug|Any CPU
		{7C9C70CA-A2E7-42AB-95D8-1F03E68042DE}.Debug|Mixed Platforms.Build.0 = Debug|Any CPU
		{7C9C70CA-A2E7-42AB-95D8-1F03E68042DE}.Debug|x64.ActiveCfg = Debug|Any CPU
		{7C9C70CA-A2E7-42AB-95D8-1F03E68042DE}.Debug|x86.ActiveCfg = Debug|Any CPU
		{7C9C70CA-A2E7-42AB-95D8-1F03E68042DE}.Release|Any CPU.ActiveCfg = Release|Any CPU
		{7C9C70CA-A2E7-42AB-95D8-1F03E68042DE}.Release|Any CPU.Build.0 = Release|Any CPU
		{7C9C70CA-A2E7-42AB-95D8-1F03E68042DE}.Release|Mixed Platforms.ActiveCfg = Release|Any CPU
		{7C9C70CA-A2E7-42AB-95D8-1F03E68042DE}.Release|Mixed Platforms.Build.0 = Release|Any CPU
		{7C9C70CA-A2E7-42AB-95D8-1F03E68042DE}.Release|x64.ActiveCfg = Release|Any CPU
		{7C9C70CA-A2E7-42AB-95D8-1F03E68042DE}.Release|x86.ActiveCfg = Release|Any CPU
		{7C9C70CA-A2E7-42AB-95D8-1F03E68042DE}.Staging|Any CPU.ActiveCfg = Release|Any CPU
		{7C9C70CA-A2E7-42AB-95D8-1F03E68042DE}.Staging|Any CPU.Build.0 = Release|Any CPU
		{7C9C70CA-A2E7-42AB-95D8-1F03E68042DE}.Staging|Mixed Platforms.ActiveCfg = Release|Any CPU
		{7C9C70CA-A2E7-42AB-95D8-1F03E68042DE}.Staging|Mixed Platforms.Build.0 = Release|Any CPU
		{7C9C70CA-A2E7-42AB-95D8-1F03E68042DE}.Staging|x64.ActiveCfg = Release|Any CPU
		{7C9C70CA-A2E7-42AB-95D8-1F03E68042DE}.Staging|x86.ActiveCfg = Release|Any CPU
		{4A87DFA5-C8CA-4A73-8808-E079E286E824}.CloudDebug|Any CPU.ActiveCfg = Debug|Any CPU
		{4A87DFA5-C8CA-4A73-8808-E079E286E824}.CloudDebug|Any CPU.Build.0 = Debug|Any CPU
		{4A87DFA5-C8CA-4A73-8808-E079E286E824}.CloudDebug|Mixed Platforms.ActiveCfg = Debug|Any CPU
		{4A87DFA5-C8CA-4A73-8808-E079E286E824}.CloudDebug|Mixed Platforms.Build.0 = Debug|Any CPU
		{4A87DFA5-C8CA-4A73-8808-E079E286E824}.CloudDebug|x64.ActiveCfg = Debug|Any CPU
		{4A87DFA5-C8CA-4A73-8808-E079E286E824}.CloudDebug|x86.ActiveCfg = Debug|Any CPU
		{4A87DFA5-C8CA-4A73-8808-E079E286E824}.Debug|Any CPU.ActiveCfg = Debug|Any CPU
		{4A87DFA5-C8CA-4A73-8808-E079E286E824}.Debug|Any CPU.Build.0 = Debug|Any CPU
		{4A87DFA5-C8CA-4A73-8808-E079E286E824}.Debug|Mixed Platforms.ActiveCfg = Debug|Any CPU
		{4A87DFA5-C8CA-4A73-8808-E079E286E824}.Debug|Mixed Platforms.Build.0 = Debug|Any CPU
		{4A87DFA5-C8CA-4A73-8808-E079E286E824}.Debug|x64.ActiveCfg = Debug|Any CPU
		{4A87DFA5-C8CA-4A73-8808-E079E286E824}.Debug|x86.ActiveCfg = Debug|Any CPU
		{4A87DFA5-C8CA-4A73-8808-E079E286E824}.Release|Any CPU.ActiveCfg = Release|Any CPU
		{4A87DFA5-C8CA-4A73-8808-E079E286E824}.Release|Any CPU.Build.0 = Release|Any CPU
		{4A87DFA5-C8CA-4A73-8808-E079E286E824}.Release|Mixed Platforms.ActiveCfg = Release|Any CPU
		{4A87DFA5-C8CA-4A73-8808-E079E286E824}.Release|Mixed Platforms.Build.0 = Release|Any CPU
		{4A87DFA5-C8CA-4A73-8808-E079E286E824}.Release|x64.ActiveCfg = Release|Any CPU
		{4A87DFA5-C8CA-4A73-8808-E079E286E824}.Release|x86.ActiveCfg = Release|Any CPU
		{4A87DFA5-C8CA-4A73-8808-E079E286E824}.Staging|Any CPU.ActiveCfg = Release|Any CPU
		{4A87DFA5-C8CA-4A73-8808-E079E286E824}.Staging|Any CPU.Build.0 = Release|Any CPU
		{4A87DFA5-C8CA-4A73-8808-E079E286E824}.Staging|Mixed Platforms.ActiveCfg = Release|Any CPU
		{4A87DFA5-C8CA-4A73-8808-E079E286E824}.Staging|Mixed Platforms.Build.0 = Release|Any CPU
		{4A87DFA5-C8CA-4A73-8808-E079E286E824}.Staging|x64.ActiveCfg = Release|Any CPU
		{4A87DFA5-C8CA-4A73-8808-E079E286E824}.Staging|x86.ActiveCfg = Release|Any CPU
		{0C009CA4-F772-4E41-B712-E1C39F646EF2}.CloudDebug|Any CPU.ActiveCfg = Debug|x86
		{0C009CA4-F772-4E41-B712-E1C39F646EF2}.CloudDebug|Mixed Platforms.ActiveCfg = Debug|x86
		{0C009CA4-F772-4E41-B712-E1C39F646EF2}.CloudDebug|Mixed Platforms.Build.0 = Debug|x86
		{0C009CA4-F772-4E41-B712-E1C39F646EF2}.CloudDebug|x64.ActiveCfg = Debug|x86
		{0C009CA4-F772-4E41-B712-E1C39F646EF2}.CloudDebug|x86.ActiveCfg = Debug|x86
		{0C009CA4-F772-4E41-B712-E1C39F646EF2}.CloudDebug|x86.Build.0 = Debug|x86
		{0C009CA4-F772-4E41-B712-E1C39F646EF2}.Debug|Any CPU.ActiveCfg = Debug|x86
		{0C009CA4-F772-4E41-B712-E1C39F646EF2}.Debug|Mixed Platforms.ActiveCfg = Debug|x86
		{0C009CA4-F772-4E41-B712-E1C39F646EF2}.Debug|Mixed Platforms.Build.0 = Debug|x86
		{0C009CA4-F772-4E41-B712-E1C39F646EF2}.Debug|x64.ActiveCfg = Debug|x86
		{0C009CA4-F772-4E41-B712-E1C39F646EF2}.Debug|x86.ActiveCfg = Debug|x86
		{0C009CA4-F772-4E41-B712-E1C39F646EF2}.Debug|x86.Build.0 = Debug|x86
		{0C009CA4-F772-4E41-B712-E1C39F646EF2}.Release|Any CPU.ActiveCfg = Release|x86
		{0C009CA4-F772-4E41-B712-E1C39F646EF2}.Release|Mixed Platforms.ActiveCfg = Release|x86
		{0C009CA4-F772-4E41-B712-E1C39F646EF2}.Release|Mixed Platforms.Build.0 = Release|x86
		{0C009CA4-F772-4E41-B712-E1C39F646EF2}.Release|x64.ActiveCfg = Release|x86
		{0C009CA4-F772-4E41-B712-E1C39F646EF2}.Release|x86.ActiveCfg = Release|x86
		{0C009CA4-F772-4E41-B712-E1C39F646EF2}.Release|x86.Build.0 = Release|x86
		{0C009CA4-F772-4E41-B712-E1C39F646EF2}.Staging|Any CPU.ActiveCfg = Release|x86
		{0C009CA4-F772-4E41-B712-E1C39F646EF2}.Staging|Mixed Platforms.ActiveCfg = Release|x86
		{0C009CA4-F772-4E41-B712-E1C39F646EF2}.Staging|Mixed Platforms.Build.0 = Release|x86
		{0C009CA4-F772-4E41-B712-E1C39F646EF2}.Staging|x64.ActiveCfg = Release|x86
		{0C009CA4-F772-4E41-B712-E1C39F646EF2}.Staging|x86.ActiveCfg = Release|x86
		{0C009CA4-F772-4E41-B712-E1C39F646EF2}.Staging|x86.Build.0 = Release|x86
		{6F8D7317-DD8D-4F4A-99D5-230D9B88B01C}.CloudDebug|Any CPU.ActiveCfg = Debug|x86
		{6F8D7317-DD8D-4F4A-99D5-230D9B88B01C}.CloudDebug|Mixed Platforms.ActiveCfg = Debug|x86
		{6F8D7317-DD8D-4F4A-99D5-230D9B88B01C}.CloudDebug|Mixed Platforms.Build.0 = Debug|x86
		{6F8D7317-DD8D-4F4A-99D5-230D9B88B01C}.CloudDebug|x64.ActiveCfg = Debug|x86
		{6F8D7317-DD8D-4F4A-99D5-230D9B88B01C}.CloudDebug|x86.ActiveCfg = Debug|x86
		{6F8D7317-DD8D-4F4A-99D5-230D9B88B01C}.CloudDebug|x86.Build.0 = Debug|x86
		{6F8D7317-DD8D-4F4A-99D5-230D9B88B01C}.Debug|Any CPU.ActiveCfg = Debug|x86
		{6F8D7317-DD8D-4F4A-99D5-230D9B88B01C}.Debug|Mixed Platforms.ActiveCfg = Debug|x86
		{6F8D7317-DD8D-4F4A-99D5-230D9B88B01C}.Debug|Mixed Platforms.Build.0 = Debug|x86
		{6F8D7317-DD8D-4F4A-99D5-230D9B88B01C}.Debug|x64.ActiveCfg = Debug|x86
		{6F8D7317-DD8D-4F4A-99D5-230D9B88B01C}.Debug|x86.ActiveCfg = Debug|x86
		{6F8D7317-DD8D-4F4A-99D5-230D9B88B01C}.Debug|x86.Build.0 = Debug|x86
		{6F8D7317-DD8D-4F4A-99D5-230D9B88B01C}.Release|Any CPU.ActiveCfg = Release|x86
		{6F8D7317-DD8D-4F4A-99D5-230D9B88B01C}.Release|Mixed Platforms.ActiveCfg = Release|x86
		{6F8D7317-DD8D-4F4A-99D5-230D9B88B01C}.Release|Mixed Platforms.Build.0 = Release|x86
		{6F8D7317-DD8D-4F4A-99D5-230D9B88B01C}.Release|x64.ActiveCfg = Release|x86
		{6F8D7317-DD8D-4F4A-99D5-230D9B88B01C}.Release|x86.ActiveCfg = Release|x86
		{6F8D7317-DD8D-4F4A-99D5-230D9B88B01C}.Release|x86.Build.0 = Release|x86
		{6F8D7317-DD8D-4F4A-99D5-230D9B88B01C}.Staging|Any CPU.ActiveCfg = Release|x86
		{6F8D7317-DD8D-4F4A-99D5-230D9B88B01C}.Staging|Mixed Platforms.ActiveCfg = Release|x86
		{6F8D7317-DD8D-4F4A-99D5-230D9B88B01C}.Staging|Mixed Platforms.Build.0 = Release|x86
		{6F8D7317-DD8D-4F4A-99D5-230D9B88B01C}.Staging|x64.ActiveCfg = Release|x86
		{6F8D7317-DD8D-4F4A-99D5-230D9B88B01C}.Staging|x86.ActiveCfg = Release|x86
		{6F8D7317-DD8D-4F4A-99D5-230D9B88B01C}.Staging|x86.Build.0 = Release|x86
		{121A81F3-EB1C-4228-81FB-0D7505A438FB}.CloudDebug|Any CPU.ActiveCfg = CloudDebug|Any CPU
		{121A81F3-EB1C-4228-81FB-0D7505A438FB}.CloudDebug|Any CPU.Build.0 = CloudDebug|Any CPU
		{121A81F3-EB1C-4228-81FB-0D7505A438FB}.CloudDebug|Mixed Platforms.ActiveCfg = CloudDebug|Any CPU
		{121A81F3-EB1C-4228-81FB-0D7505A438FB}.CloudDebug|Mixed Platforms.Build.0 = CloudDebug|Any CPU
		{121A81F3-EB1C-4228-81FB-0D7505A438FB}.CloudDebug|x64.ActiveCfg = CloudDebug|Any CPU
		{121A81F3-EB1C-4228-81FB-0D7505A438FB}.CloudDebug|x86.ActiveCfg = CloudDebug|Any CPU
		{121A81F3-EB1C-4228-81FB-0D7505A438FB}.Debug|Any CPU.ActiveCfg = Debug|Any CPU
		{121A81F3-EB1C-4228-81FB-0D7505A438FB}.Debug|Any CPU.Build.0 = Debug|Any CPU
		{121A81F3-EB1C-4228-81FB-0D7505A438FB}.Debug|Mixed Platforms.ActiveCfg = Debug|Any CPU
		{121A81F3-EB1C-4228-81FB-0D7505A438FB}.Debug|Mixed Platforms.Build.0 = Debug|Any CPU
		{121A81F3-EB1C-4228-81FB-0D7505A438FB}.Debug|x64.ActiveCfg = Debug|Any CPU
		{121A81F3-EB1C-4228-81FB-0D7505A438FB}.Debug|x86.ActiveCfg = Debug|Any CPU
		{121A81F3-EB1C-4228-81FB-0D7505A438FB}.Release|Any CPU.ActiveCfg = Release|Any CPU
		{121A81F3-EB1C-4228-81FB-0D7505A438FB}.Release|Any CPU.Build.0 = Release|Any CPU
		{121A81F3-EB1C-4228-81FB-0D7505A438FB}.Release|Mixed Platforms.ActiveCfg = Release|Any CPU
		{121A81F3-EB1C-4228-81FB-0D7505A438FB}.Release|Mixed Platforms.Build.0 = Release|Any CPU
		{121A81F3-EB1C-4228-81FB-0D7505A438FB}.Release|x64.ActiveCfg = Release|Any CPU
		{121A81F3-EB1C-4228-81FB-0D7505A438FB}.Release|x86.ActiveCfg = Release|Any CPU
		{121A81F3-EB1C-4228-81FB-0D7505A438FB}.Staging|Any CPU.ActiveCfg = Staging|Any CPU
		{121A81F3-EB1C-4228-81FB-0D7505A438FB}.Staging|Any CPU.Build.0 = Staging|Any CPU
		{121A81F3-EB1C-4228-81FB-0D7505A438FB}.Staging|Mixed Platforms.ActiveCfg = Staging|Any CPU
		{121A81F3-EB1C-4228-81FB-0D7505A438FB}.Staging|Mixed Platforms.Build.0 = Staging|Any CPU
		{121A81F3-EB1C-4228-81FB-0D7505A438FB}.Staging|x64.ActiveCfg = Staging|Any CPU
		{121A81F3-EB1C-4228-81FB-0D7505A438FB}.Staging|x86.ActiveCfg = Staging|Any CPU
		{01A8988C-84CA-47D4-B483-4F13AFF15526}.CloudDebug|Any CPU.ActiveCfg = Debug|x86
		{01A8988C-84CA-47D4-B483-4F13AFF15526}.CloudDebug|Mixed Platforms.ActiveCfg = Debug|x86
		{01A8988C-84CA-47D4-B483-4F13AFF15526}.CloudDebug|Mixed Platforms.Build.0 = Debug|x86
		{01A8988C-84CA-47D4-B483-4F13AFF15526}.CloudDebug|x64.ActiveCfg = Debug|x86
		{01A8988C-84CA-47D4-B483-4F13AFF15526}.CloudDebug|x86.ActiveCfg = Debug|x86
		{01A8988C-84CA-47D4-B483-4F13AFF15526}.CloudDebug|x86.Build.0 = Debug|x86
		{01A8988C-84CA-47D4-B483-4F13AFF15526}.Debug|Any CPU.ActiveCfg = Debug|x86
		{01A8988C-84CA-47D4-B483-4F13AFF15526}.Debug|Mixed Platforms.ActiveCfg = Debug|x86
		{01A8988C-84CA-47D4-B483-4F13AFF15526}.Debug|Mixed Platforms.Build.0 = Debug|x86
		{01A8988C-84CA-47D4-B483-4F13AFF15526}.Debug|x64.ActiveCfg = Debug|x86
		{01A8988C-84CA-47D4-B483-4F13AFF15526}.Debug|x86.ActiveCfg = Debug|x86
		{01A8988C-84CA-47D4-B483-4F13AFF15526}.Debug|x86.Build.0 = Debug|x86
		{01A8988C-84CA-47D4-B483-4F13AFF15526}.Release|Any CPU.ActiveCfg = Release|x86
		{01A8988C-84CA-47D4-B483-4F13AFF15526}.Release|Mixed Platforms.ActiveCfg = Release|x86
		{01A8988C-84CA-47D4-B483-4F13AFF15526}.Release|Mixed Platforms.Build.0 = Release|x86
		{01A8988C-84CA-47D4-B483-4F13AFF15526}.Release|x64.ActiveCfg = Release|x86
		{01A8988C-84CA-47D4-B483-4F13AFF15526}.Release|x86.ActiveCfg = Release|x86
		{01A8988C-84CA-47D4-B483-4F13AFF15526}.Release|x86.Build.0 = Release|x86
		{01A8988C-84CA-47D4-B483-4F13AFF15526}.Staging|Any CPU.ActiveCfg = Release|x86
		{01A8988C-84CA-47D4-B483-4F13AFF15526}.Staging|Mixed Platforms.ActiveCfg = Release|x86
		{01A8988C-84CA-47D4-B483-4F13AFF15526}.Staging|Mixed Platforms.Build.0 = Release|x86
		{01A8988C-84CA-47D4-B483-4F13AFF15526}.Staging|x64.ActiveCfg = Release|x86
		{01A8988C-84CA-47D4-B483-4F13AFF15526}.Staging|x86.ActiveCfg = Release|x86
		{01A8988C-84CA-47D4-B483-4F13AFF15526}.Staging|x86.Build.0 = Release|x86
		{5CFB8EFC-AF9E-4D13-B5D8-C6E31CBC2769}.CloudDebug|Any CPU.ActiveCfg = Debug|Any CPU
		{5CFB8EFC-AF9E-4D13-B5D8-C6E31CBC2769}.CloudDebug|Any CPU.Build.0 = Debug|Any CPU
		{5CFB8EFC-AF9E-4D13-B5D8-C6E31CBC2769}.CloudDebug|Mixed Platforms.ActiveCfg = Debug|Any CPU
		{5CFB8EFC-AF9E-4D13-B5D8-C6E31CBC2769}.CloudDebug|Mixed Platforms.Build.0 = Debug|Any CPU
		{5CFB8EFC-AF9E-4D13-B5D8-C6E31CBC2769}.CloudDebug|x64.ActiveCfg = Debug|Any CPU
		{5CFB8EFC-AF9E-4D13-B5D8-C6E31CBC2769}.CloudDebug|x86.ActiveCfg = Debug|Any CPU
		{5CFB8EFC-AF9E-4D13-B5D8-C6E31CBC2769}.Debug|Any CPU.ActiveCfg = Debug|Any CPU
		{5CFB8EFC-AF9E-4D13-B5D8-C6E31CBC2769}.Debug|Any CPU.Build.0 = Debug|Any CPU
		{5CFB8EFC-AF9E-4D13-B5D8-C6E31CBC2769}.Debug|Mixed Platforms.ActiveCfg = Debug|Any CPU
		{5CFB8EFC-AF9E-4D13-B5D8-C6E31CBC2769}.Debug|Mixed Platforms.Build.0 = Debug|Any CPU
		{5CFB8EFC-AF9E-4D13-B5D8-C6E31CBC2769}.Debug|x64.ActiveCfg = Debug|Any CPU
		{5CFB8EFC-AF9E-4D13-B5D8-C6E31CBC2769}.Debug|x86.ActiveCfg = Debug|Any CPU
		{5CFB8EFC-AF9E-4D13-B5D8-C6E31CBC2769}.Release|Any CPU.ActiveCfg = Release|Any CPU
		{5CFB8EFC-AF9E-4D13-B5D8-C6E31CBC2769}.Release|Any CPU.Build.0 = Release|Any CPU
		{5CFB8EFC-AF9E-4D13-B5D8-C6E31CBC2769}.Release|Mixed Platforms.ActiveCfg = Release|Any CPU
		{5CFB8EFC-AF9E-4D13-B5D8-C6E31CBC2769}.Release|Mixed Platforms.Build.0 = Release|Any CPU
		{5CFB8EFC-AF9E-4D13-B5D8-C6E31CBC2769}.Release|x64.ActiveCfg = Release|Any CPU
		{5CFB8EFC-AF9E-4D13-B5D8-C6E31CBC2769}.Release|x86.ActiveCfg = Release|Any CPU
		{5CFB8EFC-AF9E-4D13-B5D8-C6E31CBC2769}.Staging|Any CPU.ActiveCfg = Release|Any CPU
		{5CFB8EFC-AF9E-4D13-B5D8-C6E31CBC2769}.Staging|Any CPU.Build.0 = Release|Any CPU
		{5CFB8EFC-AF9E-4D13-B5D8-C6E31CBC2769}.Staging|Mixed Platforms.ActiveCfg = Release|Any CPU
		{5CFB8EFC-AF9E-4D13-B5D8-C6E31CBC2769}.Staging|Mixed Platforms.Build.0 = Release|Any CPU
		{5CFB8EFC-AF9E-4D13-B5D8-C6E31CBC2769}.Staging|x64.ActiveCfg = Release|Any CPU
		{5CFB8EFC-AF9E-4D13-B5D8-C6E31CBC2769}.Staging|x86.ActiveCfg = Release|Any CPU
		{0B85401E-33FA-41EE-9627-8C17DA21505C}.CloudDebug|Any CPU.ActiveCfg = Debug|x86
		{0B85401E-33FA-41EE-9627-8C17DA21505C}.CloudDebug|Mixed Platforms.ActiveCfg = Debug|x86
		{0B85401E-33FA-41EE-9627-8C17DA21505C}.CloudDebug|Mixed Platforms.Build.0 = Debug|x86
		{0B85401E-33FA-41EE-9627-8C17DA21505C}.CloudDebug|x64.ActiveCfg = Debug|x64
		{0B85401E-33FA-41EE-9627-8C17DA21505C}.CloudDebug|x64.Build.0 = Debug|x64
		{0B85401E-33FA-41EE-9627-8C17DA21505C}.CloudDebug|x86.ActiveCfg = Debug|x86
		{0B85401E-33FA-41EE-9627-8C17DA21505C}.CloudDebug|x86.Build.0 = Debug|x86
		{0B85401E-33FA-41EE-9627-8C17DA21505C}.Debug|Any CPU.ActiveCfg = Debug|x86
		{0B85401E-33FA-41EE-9627-8C17DA21505C}.Debug|Mixed Platforms.ActiveCfg = Debug|x86
		{0B85401E-33FA-41EE-9627-8C17DA21505C}.Debug|Mixed Platforms.Build.0 = Debug|x86
		{0B85401E-33FA-41EE-9627-8C17DA21505C}.Debug|x64.ActiveCfg = Debug|x64
		{0B85401E-33FA-41EE-9627-8C17DA21505C}.Debug|x64.Build.0 = Debug|x64
		{0B85401E-33FA-41EE-9627-8C17DA21505C}.Debug|x86.ActiveCfg = Debug|x86
		{0B85401E-33FA-41EE-9627-8C17DA21505C}.Debug|x86.Build.0 = Debug|x86
		{0B85401E-33FA-41EE-9627-8C17DA21505C}.Release|Any CPU.ActiveCfg = Release|x86
		{0B85401E-33FA-41EE-9627-8C17DA21505C}.Release|Mixed Platforms.ActiveCfg = Release|x86
		{0B85401E-33FA-41EE-9627-8C17DA21505C}.Release|Mixed Platforms.Build.0 = Release|x86
		{0B85401E-33FA-41EE-9627-8C17DA21505C}.Release|x64.ActiveCfg = Release|x64
		{0B85401E-33FA-41EE-9627-8C17DA21505C}.Release|x64.Build.0 = Release|x64
		{0B85401E-33FA-41EE-9627-8C17DA21505C}.Release|x86.ActiveCfg = Release|x86
		{0B85401E-33FA-41EE-9627-8C17DA21505C}.Release|x86.Build.0 = Release|x86
		{0B85401E-33FA-41EE-9627-8C17DA21505C}.Staging|Any CPU.ActiveCfg = Release|x86
		{0B85401E-33FA-41EE-9627-8C17DA21505C}.Staging|Mixed Platforms.ActiveCfg = Release|x86
		{0B85401E-33FA-41EE-9627-8C17DA21505C}.Staging|Mixed Platforms.Build.0 = Release|x86
		{0B85401E-33FA-41EE-9627-8C17DA21505C}.Staging|x64.ActiveCfg = Release|x64
		{0B85401E-33FA-41EE-9627-8C17DA21505C}.Staging|x64.Build.0 = Release|x64
		{0B85401E-33FA-41EE-9627-8C17DA21505C}.Staging|x86.ActiveCfg = Release|x86
		{0B85401E-33FA-41EE-9627-8C17DA21505C}.Staging|x86.Build.0 = Release|x86
		{A7915102-8326-4862-96F0-4EB80ED087B4}.CloudDebug|Any CPU.ActiveCfg = Debug|Any CPU
		{A7915102-8326-4862-96F0-4EB80ED087B4}.CloudDebug|Any CPU.Build.0 = Debug|Any CPU
		{A7915102-8326-4862-96F0-4EB80ED087B4}.CloudDebug|Mixed Platforms.ActiveCfg = Debug|Any CPU
		{A7915102-8326-4862-96F0-4EB80ED087B4}.CloudDebug|Mixed Platforms.Build.0 = Debug|Any CPU
		{A7915102-8326-4862-96F0-4EB80ED087B4}.CloudDebug|x64.ActiveCfg = Debug|Any CPU
		{A7915102-8326-4862-96F0-4EB80ED087B4}.CloudDebug|x86.ActiveCfg = Debug|Any CPU
		{A7915102-8326-4862-96F0-4EB80ED087B4}.Debug|Any CPU.ActiveCfg = Debug|Any CPU
		{A7915102-8326-4862-96F0-4EB80ED087B4}.Debug|Any CPU.Build.0 = Debug|Any CPU
		{A7915102-8326-4862-96F0-4EB80ED087B4}.Debug|Mixed Platforms.ActiveCfg = Debug|Any CPU
		{A7915102-8326-4862-96F0-4EB80ED087B4}.Debug|Mixed Platforms.Build.0 = Debug|Any CPU
		{A7915102-8326-4862-96F0-4EB80ED087B4}.Debug|x64.ActiveCfg = Debug|Any CPU
		{A7915102-8326-4862-96F0-4EB80ED087B4}.Debug|x86.ActiveCfg = Debug|Any CPU
		{A7915102-8326-4862-96F0-4EB80ED087B4}.Release|Any CPU.ActiveCfg = Release|Any CPU
		{A7915102-8326-4862-96F0-4EB80ED087B4}.Release|Any CPU.Build.0 = Release|Any CPU
		{A7915102-8326-4862-96F0-4EB80ED087B4}.Release|Mixed Platforms.ActiveCfg = Release|Any CPU
		{A7915102-8326-4862-96F0-4EB80ED087B4}.Release|Mixed Platforms.Build.0 = Release|Any CPU
		{A7915102-8326-4862-96F0-4EB80ED087B4}.Release|x64.ActiveCfg = Release|Any CPU
		{A7915102-8326-4862-96F0-4EB80ED087B4}.Release|x86.ActiveCfg = Release|Any CPU
		{A7915102-8326-4862-96F0-4EB80ED087B4}.Staging|Any CPU.ActiveCfg = Release|Any CPU
		{A7915102-8326-4862-96F0-4EB80ED087B4}.Staging|Any CPU.Build.0 = Release|Any CPU
		{A7915102-8326-4862-96F0-4EB80ED087B4}.Staging|Mixed Platforms.ActiveCfg = Release|Any CPU
		{A7915102-8326-4862-96F0-4EB80ED087B4}.Staging|Mixed Platforms.Build.0 = Release|Any CPU
		{A7915102-8326-4862-96F0-4EB80ED087B4}.Staging|x64.ActiveCfg = Release|Any CPU
		{A7915102-8326-4862-96F0-4EB80ED087B4}.Staging|x86.ActiveCfg = Release|Any CPU
	EndGlobalSection
	GlobalSection(SolutionProperties) = preSolution
		HideSolutionNode = FALSE
	EndGlobalSection
	GlobalSection(CodealikeProperties) = postSolution
		SolutionGuid = 62039c13-8caa-4dd6-b546-aecfd53c438a
	EndGlobalSection
EndGlobal
